
Microsoft Visual Studio Solution File, Format Version 12.00
# Visual Studio 15
VisualStudioVersion = 15.0.27130.2020
MinimumVisualStudioVersion = 10.0.40219.1
Project("{FAE04EC0-301F-11D3-BF4B-00C04F79EFBC}") = "ApiGateWayApp", "ApiGateWayApp\ApiGateWayApp.csproj", "{A9CBD5AE-39F4-472C-A4ED-BE8645678BDB}"
	ProjectSection(ProjectDependencies) = postProject
		{701AF50E-8D89-43F4-8EC9-4F5A2B3AE838} = {701AF50E-8D89-43F4-8EC9-4F5A2B3AE838}
		{39E6AC72-7744-4C28-BA67-6C9F91569A57} = {39E6AC72-7744-4C28-BA67-6C9F91569A57}
	EndProjectSection
EndProject
Project("{FAE04EC0-301F-11D3-BF4B-00C04F79EFBC}") = "ApiUserService", "ApiUserService\ApiUserService.csproj", "{701AF50E-8D89-43F4-8EC9-4F5A2B3AE838}"
EndProject
Project("{FAE04EC0-301F-11D3-BF4B-00C04F79EFBC}") = "ApiProductService", "ApiProductService\ApiProductService.csproj", "{39E6AC72-7744-4C28-BA67-6C9F91569A57}"
EndProject
Global
	GlobalSection(SolutionConfigurationPlatforms) = preSolution
		Debug|Any CPU = Debug|Any CPU
		Release|Any CPU = Release|Any CPU
	EndGlobalSection
	GlobalSection(ProjectConfigurationPlatforms) = postSolution
		{A9CBD5AE-39F4-472C-A4ED-BE8645678BDB}.Debug|Any CPU.ActiveCfg = Debug|Any CPU
		{A9CBD5AE-39F4-472C-A4ED-BE8645678BDB}.Debug|Any CPU.Build.0 = Debug|Any CPU
		{A9CBD5AE-39F4-472C-A4ED-BE8645678BDB}.Release|Any CPU.ActiveCfg = Release|Any CPU
		{A9CBD5AE-39F4-472C-A4ED-BE8645678BDB}.Release|Any CPU.Build.0 = Release|Any CPU
		{701AF50E-8D89-43F4-8EC9-4F5A2B3AE838}.Debug|Any CPU.ActiveCfg = Debug|Any CPU
		{701AF50E-8D89-43F4-8EC9-4F5A2B3AE838}.Debug|Any CPU.Build.0 = Debug|Any CPU
		{701AF50E-8D89-43F4-8EC9-4F5A2B3AE838}.Release|Any CPU.ActiveCfg = Release|Any CPU
		{701AF50E-8D89-43F4-8EC9-4F5A2B3AE838}.Release|Any CPU.Build.0 = Release|Any CPU
		{39E6AC72-7744-4C28-BA67-6C9F91569A57}.Debug|Any CPU.ActiveCfg = Debug|Any CPU
		{39E6AC72-7744-4C28-BA67-6C9F91569A57}.Debug|Any CPU.Build.0 = Debug|Any CPU
		{39E6AC72-7744-4C28-BA67-6C9F91569A57}.Release|Any CPU.ActiveCfg = Release|Any CPU
		{39E6AC72-7744-4C28-BA67-6C9F91569A57}.Release|Any CPU.Build.0 = Release|Any CPU
	EndGlobalSection
	GlobalSection(SolutionProperties) = preSolution
		HideSolutionNode = FALSE
	EndGlobalSection
	GlobalSection(ExtensibilityGlobals) = postSolution
		SolutionGuid = {29871066-14D6-45FF-8899-80D32031059A}
	EndGlobalSection
EndGlobal
