
Microsoft Visual Studio Solution File, Format Version 12.00
# Visual Studio 15
VisualStudioVersion = 15.0.27130.2020
MinimumVisualStudioVersion = 10.0.40219.1
Project("{9A19103F-16F7-4668-BE54-9A1E7A4F7556}") = "log4netForTest", "log4netForTest\log4netForTest.csproj", "{DB6B5673-A6C8-4165-91A3-DDFEBD8BAF87}"
EndProject
Project("{9A19103F-16F7-4668-BE54-9A1E7A4F7556}") = "mysql", "mysql\mysql.csproj", "{1E8A5153-D8B1-4817-B611-BFFC916CF0F4}"
EndProject
Project("{9A19103F-16F7-4668-BE54-9A1E7A4F7556}") = "AspLog4Net", "AspLog4Net\AspLog4Net.csproj", "{26B9DA71-7BAB-4E50-8674-609141E7569C}"
EndProject
Project("{9A19103F-16F7-4668-BE54-9A1E7A4F7556}") = "AspEntityFramework_CodeFirst", "AspEntityFramework_CodeFirst\AspEntityFramework_CodeFirst.csproj", "{9974B073-68F9-4148-BB86-FE10F1E16A80}"
EndProject
Project("{9A19103F-16F7-4668-BE54-9A1E7A4F7556}") = "WebApiSwagger", "WebApiSwagger\WebApiSwagger.csproj", "{C2F9669B-35CC-4294-9CFE-9C9E6A686A98}"
EndProject
Project("{9A19103F-16F7-4668-BE54-9A1E7A4F7556}") = "WebApiDocker", "WebApiDocker\WebApiDocker.csproj", "{A00F8A3D-40DB-4703-8EE2-9E89A64661A7}"
EndProject
Project("{9A19103F-16F7-4668-BE54-9A1E7A4F7556}") = "Linq", "Linq\Linq.csproj", "{C41B4901-625C-4C85-A435-4AF153F477A1}"
EndProject
Project("{9A19103F-16F7-4668-BE54-9A1E7A4F7556}") = "ThreadTest", "Thread\ThreadTest.csproj", "{EE2C449C-5C07-4DA1-AB8D-2B7A6A547AA4}"
EndProject
Project("{9A19103F-16F7-4668-BE54-9A1E7A4F7556}") = "XUnitTest", "XUnitTest\XUnitTest.csproj", "{94087748-D1A9-49FB-8521-F6D338E20E00}"
EndProject
Project("{9A19103F-16F7-4668-BE54-9A1E7A4F7556}") = "DbFirst", "DbFirst\DbFirst.csproj", "{511CB19A-7CA6-486E-9437-CA871FA07366}"
EndProject
Project("{9A19103F-16F7-4668-BE54-9A1E7A4F7556}") = "CodeFirstEcom", "CodeFirstEcom\CodeFirstEcom.csproj", "{62939CBC-5C45-4BEB-BFD8-C5DF4B52FEF3}"
EndProject
Project("{9A19103F-16F7-4668-BE54-9A1E7A4F7556}") = "setting", "setting\setting.csproj", "{0342E1B1-A40B-4EFF-8FA8-BDB63EAD2A8E}"
EndProject
Project("{9A19103F-16F7-4668-BE54-9A1E7A4F7556}") = "Startup", "Startup\Startup.csproj", "{32DF5BFC-4A41-4007-A1BD-A55F5CAF11BE}"
EndProject
Project("{9A19103F-16F7-4668-BE54-9A1E7A4F7556}") = "login", "login\login.csproj", "{5D1F17EF-1ABB-46DE-B4FA-97F2A1A3CEC7}"
EndProject
Project("{9A19103F-16F7-4668-BE54-9A1E7A4F7556}") = "JwtAuth", "JwtAuth\JwtAuth.csproj", "{C6517243-7308-4D7C-A454-585684F22B07}"
EndProject
Global
	GlobalSection(SolutionConfigurationPlatforms) = preSolution
		Debug|Any CPU = Debug|Any CPU
		Release|Any CPU = Release|Any CPU
	EndGlobalSection
	GlobalSection(ProjectConfigurationPlatforms) = postSolution
		{DB6B5673-A6C8-4165-91A3-DDFEBD8BAF87}.Debug|Any CPU.ActiveCfg = Debug|Any CPU
		{DB6B5673-A6C8-4165-91A3-DDFEBD8BAF87}.Debug|Any CPU.Build.0 = Debug|Any CPU
		{DB6B5673-A6C8-4165-91A3-DDFEBD8BAF87}.Release|Any CPU.ActiveCfg = Release|Any CPU
		{DB6B5673-A6C8-4165-91A3-DDFEBD8BAF87}.Release|Any CPU.Build.0 = Release|Any CPU
		{1E8A5153-D8B1-4817-B611-BFFC916CF0F4}.Debug|Any CPU.ActiveCfg = Debug|Any CPU
		{1E8A5153-D8B1-4817-B611-BFFC916CF0F4}.Debug|Any CPU.Build.0 = Debug|Any CPU
		{1E8A5153-D8B1-4817-B611-BFFC916CF0F4}.Release|Any CPU.ActiveCfg = Release|Any CPU
		{1E8A5153-D8B1-4817-B611-BFFC916CF0F4}.Release|Any CPU.Build.0 = Release|Any CPU
		{26B9DA71-7BAB-4E50-8674-609141E7569C}.Debug|Any CPU.ActiveCfg = Debug|Any CPU
		{26B9DA71-7BAB-4E50-8674-609141E7569C}.Debug|Any CPU.Build.0 = Debug|Any CPU
		{26B9DA71-7BAB-4E50-8674-609141E7569C}.Release|Any CPU.ActiveCfg = Release|Any CPU
		{26B9DA71-7BAB-4E50-8674-609141E7569C}.Release|Any CPU.Build.0 = Release|Any CPU
		{9974B073-68F9-4148-BB86-FE10F1E16A80}.Debug|Any CPU.ActiveCfg = Debug|Any CPU
		{9974B073-68F9-4148-BB86-FE10F1E16A80}.Debug|Any CPU.Build.0 = Debug|Any CPU
		{9974B073-68F9-4148-BB86-FE10F1E16A80}.Release|Any CPU.ActiveCfg = Release|Any CPU
		{9974B073-68F9-4148-BB86-FE10F1E16A80}.Release|Any CPU.Build.0 = Release|Any CPU
		{C2F9669B-35CC-4294-9CFE-9C9E6A686A98}.Debug|Any CPU.ActiveCfg = Debug|Any CPU
		{C2F9669B-35CC-4294-9CFE-9C9E6A686A98}.Debug|Any CPU.Build.0 = Debug|Any CPU
		{C2F9669B-35CC-4294-9CFE-9C9E6A686A98}.Release|Any CPU.ActiveCfg = Release|Any CPU
		{C2F9669B-35CC-4294-9CFE-9C9E6A686A98}.Release|Any CPU.Build.0 = Release|Any CPU
		{A00F8A3D-40DB-4703-8EE2-9E89A64661A7}.Debug|Any CPU.ActiveCfg = Debug|Any CPU
		{A00F8A3D-40DB-4703-8EE2-9E89A64661A7}.Debug|Any CPU.Build.0 = Debug|Any CPU
		{A00F8A3D-40DB-4703-8EE2-9E89A64661A7}.Release|Any CPU.ActiveCfg = Release|Any CPU
		{A00F8A3D-40DB-4703-8EE2-9E89A64661A7}.Release|Any CPU.Build.0 = Release|Any CPU
		{C41B4901-625C-4C85-A435-4AF153F477A1}.Debug|Any CPU.ActiveCfg = Debug|Any CPU
		{C41B4901-625C-4C85-A435-4AF153F477A1}.Debug|Any CPU.Build.0 = Debug|Any CPU
		{C41B4901-625C-4C85-A435-4AF153F477A1}.Release|Any CPU.ActiveCfg = Release|Any CPU
		{C41B4901-625C-4C85-A435-4AF153F477A1}.Release|Any CPU.Build.0 = Release|Any CPU
		{EE2C449C-5C07-4DA1-AB8D-2B7A6A547AA4}.Debug|Any CPU.ActiveCfg = Debug|Any CPU
		{EE2C449C-5C07-4DA1-AB8D-2B7A6A547AA4}.Debug|Any CPU.Build.0 = Debug|Any CPU
		{EE2C449C-5C07-4DA1-AB8D-2B7A6A547AA4}.Release|Any CPU.ActiveCfg = Release|Any CPU
		{EE2C449C-5C07-4DA1-AB8D-2B7A6A547AA4}.Release|Any CPU.Build.0 = Release|Any CPU
		{94087748-D1A9-49FB-8521-F6D338E20E00}.Debug|Any CPU.ActiveCfg = Debug|Any CPU
		{94087748-D1A9-49FB-8521-F6D338E20E00}.Debug|Any CPU.Build.0 = Debug|Any CPU
		{94087748-D1A9-49FB-8521-F6D338E20E00}.Release|Any CPU.ActiveCfg = Release|Any CPU
		{94087748-D1A9-49FB-8521-F6D338E20E00}.Release|Any CPU.Build.0 = Release|Any CPU
		{511CB19A-7CA6-486E-9437-CA871FA07366}.Debug|Any CPU.ActiveCfg = Debug|Any CPU
		{511CB19A-7CA6-486E-9437-CA871FA07366}.Debug|Any CPU.Build.0 = Debug|Any CPU
		{511CB19A-7CA6-486E-9437-CA871FA07366}.Release|Any CPU.ActiveCfg = Release|Any CPU
		{511CB19A-7CA6-486E-9437-CA871FA07366}.Release|Any CPU.Build.0 = Release|Any CPU
		{62939CBC-5C45-4BEB-BFD8-C5DF4B52FEF3}.Debug|Any CPU.ActiveCfg = Debug|Any CPU
		{62939CBC-5C45-4BEB-BFD8-C5DF4B52FEF3}.Debug|Any CPU.Build.0 = Debug|Any CPU
		{62939CBC-5C45-4BEB-BFD8-C5DF4B52FEF3}.Release|Any CPU.ActiveCfg = Release|Any CPU
		{62939CBC-5C45-4BEB-BFD8-C5DF4B52FEF3}.Release|Any CPU.Build.0 = Release|Any CPU
		{0342E1B1-A40B-4EFF-8FA8-BDB63EAD2A8E}.Debug|Any CPU.ActiveCfg = Debug|Any CPU
		{0342E1B1-A40B-4EFF-8FA8-BDB63EAD2A8E}.Debug|Any CPU.Build.0 = Debug|Any CPU
		{0342E1B1-A40B-4EFF-8FA8-BDB63EAD2A8E}.Release|Any CPU.ActiveCfg = Release|Any CPU
		{0342E1B1-A40B-4EFF-8FA8-BDB63EAD2A8E}.Release|Any CPU.Build.0 = Release|Any CPU
		{32DF5BFC-4A41-4007-A1BD-A55F5CAF11BE}.Debug|Any CPU.ActiveCfg = Debug|Any CPU
		{32DF5BFC-4A41-4007-A1BD-A55F5CAF11BE}.Debug|Any CPU.Build.0 = Debug|Any CPU
		{32DF5BFC-4A41-4007-A1BD-A55F5CAF11BE}.Release|Any CPU.ActiveCfg = Release|Any CPU
		{32DF5BFC-4A41-4007-A1BD-A55F5CAF11BE}.Release|Any CPU.Build.0 = Release|Any CPU
		{5D1F17EF-1ABB-46DE-B4FA-97F2A1A3CEC7}.Debug|Any CPU.ActiveCfg = Debug|Any CPU
		{5D1F17EF-1ABB-46DE-B4FA-97F2A1A3CEC7}.Debug|Any CPU.Build.0 = Debug|Any CPU
		{5D1F17EF-1ABB-46DE-B4FA-97F2A1A3CEC7}.Release|Any CPU.ActiveCfg = Release|Any CPU
		{5D1F17EF-1ABB-46DE-B4FA-97F2A1A3CEC7}.Release|Any CPU.Build.0 = Release|Any CPU
		{C6517243-7308-4D7C-A454-585684F22B07}.Debug|Any CPU.ActiveCfg = Debug|Any CPU
		{C6517243-7308-4D7C-A454-585684F22B07}.Debug|Any CPU.Build.0 = Debug|Any CPU
		{C6517243-7308-4D7C-A454-585684F22B07}.Release|Any CPU.ActiveCfg = Release|Any CPU
		{C6517243-7308-4D7C-A454-585684F22B07}.Release|Any CPU.Build.0 = Release|Any CPU
	EndGlobalSection
	GlobalSection(SolutionProperties) = preSolution
		HideSolutionNode = FALSE
	EndGlobalSection
	GlobalSection(ExtensibilityGlobals) = postSolution
		SolutionGuid = {8B455513-411F-40AE-A079-7CAFD4A0357C}
	EndGlobalSection
EndGlobal
