
Microsoft Visual Studio Solution File, Format Version 12.00
# Visual Studio 15
VisualStudioVersion = 15.0.27130.2020
MinimumVisualStudioVersion = 10.0.40219.1
Project("{9A19103F-16F7-4668-BE54-9A1E7A4F7556}") = "mysql", "mysql\mysql.csproj", "{1E8A5153-D8B1-4817-B611-BFFC916CF0F4}"
EndProject
Project("{9A19103F-16F7-4668-BE54-9A1E7A4F7556}") = "AspEntityFramework_CodeFirst", "AspEntityFramework_CodeFirst\AspEntityFramework_CodeFirst.csproj", "{9974B073-68F9-4148-BB86-FE10F1E16A80}"
EndProject
Project("{9A19103F-16F7-4668-BE54-9A1E7A4F7556}") = "WebApiSwagger", "WebApiSwagger\WebApiSwagger.csproj", "{C2F9669B-35CC-4294-9CFE-9C9E6A686A98}"
EndProject
Project("{9A19103F-16F7-4668-BE54-9A1E7A4F7556}") = "WebApiDocker", "WebApiDocker\WebApiDocker.csproj", "{A00F8A3D-40DB-4703-8EE2-9E89A64661A7}"
EndProject
Project("{9A19103F-16F7-4668-BE54-9A1E7A4F7556}") = "Linq", "Linq\Linq.csproj", "{C41B4901-625C-4C85-A435-4AF153F477A1}"
EndProject
Project("{9A19103F-16F7-4668-BE54-9A1E7A4F7556}") = "ThreadTest", "Thread\ThreadTest.csproj", "{EE2C449C-5C07-4DA1-AB8D-2B7A6A547AA4}"
EndProject
Project("{9A19103F-16F7-4668-BE54-9A1E7A4F7556}") = "XUnitTest", "XUnitTest\XUnitTest.csproj", "{94087748-D1A9-49FB-8521-F6D338E20E00}"
EndProject
Project("{9A19103F-16F7-4668-BE54-9A1E7A4F7556}") = "DbFirst", "DbFirst\DbFirst.csproj", "{511CB19A-7CA6-486E-9437-CA871FA07366}"
EndProject
Project("{9A19103F-16F7-4668-BE54-9A1E7A4F7556}") = "CodeFirstEcom", "CodeFirstEcom\CodeFirstEcom.csproj", "{62939CBC-5C45-4BEB-BFD8-C5DF4B52FEF3}"
EndProject
Project("{9A19103F-16F7-4668-BE54-9A1E7A4F7556}") = "setting", "setting\setting.csproj", "{0342E1B1-A40B-4EFF-8FA8-BDB63EAD2A8E}"
EndProject
Project("{9A19103F-16F7-4668-BE54-9A1E7A4F7556}") = "login", "login\login.csproj", "{5D1F17EF-1ABB-46DE-B4FA-97F2A1A3CEC7}"
EndProject
Project("{9A19103F-16F7-4668-BE54-9A1E7A4F7556}") = "DI_AOP", "DI_AOP\DI_AOP.csproj", "{53E96730-CDB1-489E-82EA-7C347890CA1D}"
EndProject
Project("{9A19103F-16F7-4668-BE54-9A1E7A4F7556}") = "dockerconsole", "dockerconsole\dockerconsole.csproj", "{42715B6E-4895-4C83-8DB4-DAF1454106CE}"
EndProject
Project("{9A19103F-16F7-4668-BE54-9A1E7A4F7556}") = "Webapi_mysql_dockercompose", "Webapi_mysql_dockercompose\Webapi_mysql_dockercompose.csproj", "{176058DD-8D6B-4A82-9DEA-EE0DCACABB50}"
EndProject
Project("{9A19103F-16F7-4668-BE54-9A1E7A4F7556}") = "webapi_redis_docker", "webapi_redis_docker\webapi_redis_docker.csproj", "{2440C24C-914A-440E-86BC-C44D4FDC2357}"
EndProject
Project("{9A19103F-16F7-4668-BE54-9A1E7A4F7556}") = "CookieLogin", "CookieLogin\CookieLogin.csproj", "{BA96C5F7-1204-45F5-91E4-72C3F6AEC18D}"
EndProject
Project("{9A19103F-16F7-4668-BE54-9A1E7A4F7556}") = "JwtAuth", "JwtAuth\JwtAuth.csproj", "{B778E2B9-B85B-4161-9816-D959015B85BA}"
EndProject
Project("{2150E333-8FDC-42A3-9474-1A3956D46DE8}") = "Log", "Log", "{EFDFF70C-82A6-43DB-B888-1D98B340183F}"
EndProject
Project("{2150E333-8FDC-42A3-9474-1A3956D46DE8}") = "EF", "EF", "{E031B52F-4A25-4D11-8DB6-573C73B69F87}"
EndProject
Project("{2150E333-8FDC-42A3-9474-1A3956D46DE8}") = "Identity_Auth", "Identity_Auth", "{FB52FFE4-2396-48DA-BA7B-5CEDF73233D2}"
EndProject
Project("{2150E333-8FDC-42A3-9474-1A3956D46DE8}") = "UnitTest", "UnitTest", "{A080912F-3F46-4F9F-A90D-A70864E1038E}"
EndProject
Project("{2150E333-8FDC-42A3-9474-1A3956D46DE8}") = "Docker", "Docker", "{5AA7354D-D55D-4FBF-9A43-F7D67B4A9470}"
EndProject
Project("{2150E333-8FDC-42A3-9474-1A3956D46DE8}") = "WebHost", "WebHost", "{31D15274-1094-4115-B3D2-EFA619DF3C3D}"
EndProject
Project("{2150E333-8FDC-42A3-9474-1A3956D46DE8}") = "Configuration", "Configuration", "{38393B28-C85B-46AF-9F3D-02C2C1123353}"
EndProject
Project("{FAE04EC0-301F-11D3-BF4B-00C04F79EFBC}") = "WebHostBuild_Run", "WebHostBuild_Run\WebHostBuild_Run.csproj", "{8F25BD4D-52E9-433D-BD63-E467B4DCE38E}"
EndProject
Project("{FAE04EC0-301F-11D3-BF4B-00C04F79EFBC}") = "AspNetCore_Log", "Log\AspNetCore_Log\AspNetCore_Log.csproj", "{1EFAA075-FE6C-4341-8517-0581012DAF44}"
EndProject
Project("{9A19103F-16F7-4668-BE54-9A1E7A4F7556}") = "log4netForTest", "Log\log4netForTest\log4netForTest.csproj", "{53B3F676-8975-4E36-A016-A99F4E537791}"
EndProject
Project("{9A19103F-16F7-4668-BE54-9A1E7A4F7556}") = "AspLog4Net", "Log\AspLog4Net\AspLog4Net.csproj", "{99A1F282-EFBC-403D-87DA-51CE4EBC7FDB}"
EndProject
Global
	GlobalSection(SolutionConfigurationPlatforms) = preSolution
		Debug|Any CPU = Debug|Any CPU
		Release|Any CPU = Release|Any CPU
	EndGlobalSection
	GlobalSection(ProjectConfigurationPlatforms) = postSolution
		{1E8A5153-D8B1-4817-B611-BFFC916CF0F4}.Debug|Any CPU.ActiveCfg = Debug|Any CPU
		{1E8A5153-D8B1-4817-B611-BFFC916CF0F4}.Debug|Any CPU.Build.0 = Debug|Any CPU
		{1E8A5153-D8B1-4817-B611-BFFC916CF0F4}.Release|Any CPU.ActiveCfg = Release|Any CPU
		{1E8A5153-D8B1-4817-B611-BFFC916CF0F4}.Release|Any CPU.Build.0 = Release|Any CPU
		{9974B073-68F9-4148-BB86-FE10F1E16A80}.Debug|Any CPU.ActiveCfg = Debug|Any CPU
		{9974B073-68F9-4148-BB86-FE10F1E16A80}.Debug|Any CPU.Build.0 = Debug|Any CPU
		{9974B073-68F9-4148-BB86-FE10F1E16A80}.Release|Any CPU.ActiveCfg = Release|Any CPU
		{9974B073-68F9-4148-BB86-FE10F1E16A80}.Release|Any CPU.Build.0 = Release|Any CPU
		{C2F9669B-35CC-4294-9CFE-9C9E6A686A98}.Debug|Any CPU.ActiveCfg = Debug|Any CPU
		{C2F9669B-35CC-4294-9CFE-9C9E6A686A98}.Debug|Any CPU.Build.0 = Debug|Any CPU
		{C2F9669B-35CC-4294-9CFE-9C9E6A686A98}.Release|Any CPU.ActiveCfg = Release|Any CPU
		{C2F9669B-35CC-4294-9CFE-9C9E6A686A98}.Release|Any CPU.Build.0 = Release|Any CPU
		{A00F8A3D-40DB-4703-8EE2-9E89A64661A7}.Debug|Any CPU.ActiveCfg = Debug|Any CPU
		{A00F8A3D-40DB-4703-8EE2-9E89A64661A7}.Debug|Any CPU.Build.0 = Debug|Any CPU
		{A00F8A3D-40DB-4703-8EE2-9E89A64661A7}.Release|Any CPU.ActiveCfg = Release|Any CPU
		{A00F8A3D-40DB-4703-8EE2-9E89A64661A7}.Release|Any CPU.Build.0 = Release|Any CPU
		{C41B4901-625C-4C85-A435-4AF153F477A1}.Debug|Any CPU.ActiveCfg = Debug|Any CPU
		{C41B4901-625C-4C85-A435-4AF153F477A1}.Debug|Any CPU.Build.0 = Debug|Any CPU
		{C41B4901-625C-4C85-A435-4AF153F477A1}.Release|Any CPU.ActiveCfg = Release|Any CPU
		{C41B4901-625C-4C85-A435-4AF153F477A1}.Release|Any CPU.Build.0 = Release|Any CPU
		{EE2C449C-5C07-4DA1-AB8D-2B7A6A547AA4}.Debug|Any CPU.ActiveCfg = Debug|Any CPU
		{EE2C449C-5C07-4DA1-AB8D-2B7A6A547AA4}.Debug|Any CPU.Build.0 = Debug|Any CPU
		{EE2C449C-5C07-4DA1-AB8D-2B7A6A547AA4}.Release|Any CPU.ActiveCfg = Release|Any CPU
		{EE2C449C-5C07-4DA1-AB8D-2B7A6A547AA4}.Release|Any CPU.Build.0 = Release|Any CPU
		{94087748-D1A9-49FB-8521-F6D338E20E00}.Debug|Any CPU.ActiveCfg = Debug|Any CPU
		{94087748-D1A9-49FB-8521-F6D338E20E00}.Debug|Any CPU.Build.0 = Debug|Any CPU
		{94087748-D1A9-49FB-8521-F6D338E20E00}.Release|Any CPU.ActiveCfg = Release|Any CPU
		{94087748-D1A9-49FB-8521-F6D338E20E00}.Release|Any CPU.Build.0 = Release|Any CPU
		{511CB19A-7CA6-486E-9437-CA871FA07366}.Debug|Any CPU.ActiveCfg = Debug|Any CPU
		{511CB19A-7CA6-486E-9437-CA871FA07366}.Debug|Any CPU.Build.0 = Debug|Any CPU
		{511CB19A-7CA6-486E-9437-CA871FA07366}.Release|Any CPU.ActiveCfg = Release|Any CPU
		{511CB19A-7CA6-486E-9437-CA871FA07366}.Release|Any CPU.Build.0 = Release|Any CPU
		{62939CBC-5C45-4BEB-BFD8-C5DF4B52FEF3}.Debug|Any CPU.ActiveCfg = Debug|Any CPU
		{62939CBC-5C45-4BEB-BFD8-C5DF4B52FEF3}.Debug|Any CPU.Build.0 = Debug|Any CPU
		{62939CBC-5C45-4BEB-BFD8-C5DF4B52FEF3}.Release|Any CPU.ActiveCfg = Release|Any CPU
		{62939CBC-5C45-4BEB-BFD8-C5DF4B52FEF3}.Release|Any CPU.Build.0 = Release|Any CPU
		{0342E1B1-A40B-4EFF-8FA8-BDB63EAD2A8E}.Debug|Any CPU.ActiveCfg = Debug|Any CPU
		{0342E1B1-A40B-4EFF-8FA8-BDB63EAD2A8E}.Debug|Any CPU.Build.0 = Debug|Any CPU
		{0342E1B1-A40B-4EFF-8FA8-BDB63EAD2A8E}.Release|Any CPU.ActiveCfg = Release|Any CPU
		{0342E1B1-A40B-4EFF-8FA8-BDB63EAD2A8E}.Release|Any CPU.Build.0 = Release|Any CPU
		{5D1F17EF-1ABB-46DE-B4FA-97F2A1A3CEC7}.Debug|Any CPU.ActiveCfg = Debug|Any CPU
		{5D1F17EF-1ABB-46DE-B4FA-97F2A1A3CEC7}.Debug|Any CPU.Build.0 = Debug|Any CPU
		{5D1F17EF-1ABB-46DE-B4FA-97F2A1A3CEC7}.Release|Any CPU.ActiveCfg = Release|Any CPU
		{5D1F17EF-1ABB-46DE-B4FA-97F2A1A3CEC7}.Release|Any CPU.Build.0 = Release|Any CPU
		{53E96730-CDB1-489E-82EA-7C347890CA1D}.Debug|Any CPU.ActiveCfg = Debug|Any CPU
		{53E96730-CDB1-489E-82EA-7C347890CA1D}.Debug|Any CPU.Build.0 = Debug|Any CPU
		{53E96730-CDB1-489E-82EA-7C347890CA1D}.Release|Any CPU.ActiveCfg = Release|Any CPU
		{53E96730-CDB1-489E-82EA-7C347890CA1D}.Release|Any CPU.Build.0 = Release|Any CPU
		{42715B6E-4895-4C83-8DB4-DAF1454106CE}.Debug|Any CPU.ActiveCfg = Debug|Any CPU
		{42715B6E-4895-4C83-8DB4-DAF1454106CE}.Debug|Any CPU.Build.0 = Debug|Any CPU
		{42715B6E-4895-4C83-8DB4-DAF1454106CE}.Release|Any CPU.ActiveCfg = Release|Any CPU
		{42715B6E-4895-4C83-8DB4-DAF1454106CE}.Release|Any CPU.Build.0 = Release|Any CPU
		{176058DD-8D6B-4A82-9DEA-EE0DCACABB50}.Debug|Any CPU.ActiveCfg = Debug|Any CPU
		{176058DD-8D6B-4A82-9DEA-EE0DCACABB50}.Debug|Any CPU.Build.0 = Debug|Any CPU
		{176058DD-8D6B-4A82-9DEA-EE0DCACABB50}.Release|Any CPU.ActiveCfg = Release|Any CPU
		{176058DD-8D6B-4A82-9DEA-EE0DCACABB50}.Release|Any CPU.Build.0 = Release|Any CPU
		{2440C24C-914A-440E-86BC-C44D4FDC2357}.Debug|Any CPU.ActiveCfg = Debug|Any CPU
		{2440C24C-914A-440E-86BC-C44D4FDC2357}.Debug|Any CPU.Build.0 = Debug|Any CPU
		{2440C24C-914A-440E-86BC-C44D4FDC2357}.Release|Any CPU.ActiveCfg = Release|Any CPU
		{2440C24C-914A-440E-86BC-C44D4FDC2357}.Release|Any CPU.Build.0 = Release|Any CPU
		{BA96C5F7-1204-45F5-91E4-72C3F6AEC18D}.Debug|Any CPU.ActiveCfg = Debug|Any CPU
		{BA96C5F7-1204-45F5-91E4-72C3F6AEC18D}.Debug|Any CPU.Build.0 = Debug|Any CPU
		{BA96C5F7-1204-45F5-91E4-72C3F6AEC18D}.Release|Any CPU.ActiveCfg = Release|Any CPU
		{BA96C5F7-1204-45F5-91E4-72C3F6AEC18D}.Release|Any CPU.Build.0 = Release|Any CPU
		{B778E2B9-B85B-4161-9816-D959015B85BA}.Debug|Any CPU.ActiveCfg = Debug|Any CPU
		{B778E2B9-B85B-4161-9816-D959015B85BA}.Debug|Any CPU.Build.0 = Debug|Any CPU
		{B778E2B9-B85B-4161-9816-D959015B85BA}.Release|Any CPU.ActiveCfg = Release|Any CPU
		{B778E2B9-B85B-4161-9816-D959015B85BA}.Release|Any CPU.Build.0 = Release|Any CPU
		{8F25BD4D-52E9-433D-BD63-E467B4DCE38E}.Debug|Any CPU.ActiveCfg = Debug|Any CPU
		{8F25BD4D-52E9-433D-BD63-E467B4DCE38E}.Debug|Any CPU.Build.0 = Debug|Any CPU
		{8F25BD4D-52E9-433D-BD63-E467B4DCE38E}.Release|Any CPU.ActiveCfg = Release|Any CPU
		{8F25BD4D-52E9-433D-BD63-E467B4DCE38E}.Release|Any CPU.Build.0 = Release|Any CPU
		{1EFAA075-FE6C-4341-8517-0581012DAF44}.Debug|Any CPU.ActiveCfg = Debug|Any CPU
		{1EFAA075-FE6C-4341-8517-0581012DAF44}.Debug|Any CPU.Build.0 = Debug|Any CPU
		{1EFAA075-FE6C-4341-8517-0581012DAF44}.Release|Any CPU.ActiveCfg = Release|Any CPU
		{1EFAA075-FE6C-4341-8517-0581012DAF44}.Release|Any CPU.Build.0 = Release|Any CPU
		{53B3F676-8975-4E36-A016-A99F4E537791}.Debug|Any CPU.ActiveCfg = Debug|Any CPU
		{53B3F676-8975-4E36-A016-A99F4E537791}.Debug|Any CPU.Build.0 = Debug|Any CPU
		{53B3F676-8975-4E36-A016-A99F4E537791}.Release|Any CPU.ActiveCfg = Release|Any CPU
		{53B3F676-8975-4E36-A016-A99F4E537791}.Release|Any CPU.Build.0 = Release|Any CPU
		{99A1F282-EFBC-403D-87DA-51CE4EBC7FDB}.Debug|Any CPU.ActiveCfg = Debug|Any CPU
		{99A1F282-EFBC-403D-87DA-51CE4EBC7FDB}.Debug|Any CPU.Build.0 = Debug|Any CPU
		{99A1F282-EFBC-403D-87DA-51CE4EBC7FDB}.Release|Any CPU.ActiveCfg = Release|Any CPU
		{99A1F282-EFBC-403D-87DA-51CE4EBC7FDB}.Release|Any CPU.Build.0 = Release|Any CPU
	EndGlobalSection
	GlobalSection(SolutionProperties) = preSolution
		HideSolutionNode = FALSE
	EndGlobalSection
	GlobalSection(NestedProjects) = preSolution
		{1E8A5153-D8B1-4817-B611-BFFC916CF0F4} = {E031B52F-4A25-4D11-8DB6-573C73B69F87}
		{9974B073-68F9-4148-BB86-FE10F1E16A80} = {E031B52F-4A25-4D11-8DB6-573C73B69F87}
		{A00F8A3D-40DB-4703-8EE2-9E89A64661A7} = {5AA7354D-D55D-4FBF-9A43-F7D67B4A9470}
		{94087748-D1A9-49FB-8521-F6D338E20E00} = {A080912F-3F46-4F9F-A90D-A70864E1038E}
		{511CB19A-7CA6-486E-9437-CA871FA07366} = {E031B52F-4A25-4D11-8DB6-573C73B69F87}
		{62939CBC-5C45-4BEB-BFD8-C5DF4B52FEF3} = {E031B52F-4A25-4D11-8DB6-573C73B69F87}
		{0342E1B1-A40B-4EFF-8FA8-BDB63EAD2A8E} = {38393B28-C85B-46AF-9F3D-02C2C1123353}
		{5D1F17EF-1ABB-46DE-B4FA-97F2A1A3CEC7} = {FB52FFE4-2396-48DA-BA7B-5CEDF73233D2}
		{42715B6E-4895-4C83-8DB4-DAF1454106CE} = {5AA7354D-D55D-4FBF-9A43-F7D67B4A9470}
		{176058DD-8D6B-4A82-9DEA-EE0DCACABB50} = {5AA7354D-D55D-4FBF-9A43-F7D67B4A9470}
		{2440C24C-914A-440E-86BC-C44D4FDC2357} = {5AA7354D-D55D-4FBF-9A43-F7D67B4A9470}
		{BA96C5F7-1204-45F5-91E4-72C3F6AEC18D} = {FB52FFE4-2396-48DA-BA7B-5CEDF73233D2}
		{B778E2B9-B85B-4161-9816-D959015B85BA} = {FB52FFE4-2396-48DA-BA7B-5CEDF73233D2}
		{8F25BD4D-52E9-433D-BD63-E467B4DCE38E} = {31D15274-1094-4115-B3D2-EFA619DF3C3D}
		{1EFAA075-FE6C-4341-8517-0581012DAF44} = {EFDFF70C-82A6-43DB-B888-1D98B340183F}
		{53B3F676-8975-4E36-A016-A99F4E537791} = {EFDFF70C-82A6-43DB-B888-1D98B340183F}
		{99A1F282-EFBC-403D-87DA-51CE4EBC7FDB} = {EFDFF70C-82A6-43DB-B888-1D98B340183F}
	EndGlobalSection
	GlobalSection(ExtensibilityGlobals) = postSolution
		SolutionGuid = {8B455513-411F-40AE-A079-7CAFD4A0357C}
	EndGlobalSection
EndGlobal
