
Microsoft Visual Studio Solution File, Format Version 12.00
# Visual Studio 15
VisualStudioVersion = 15.0.27130.2020
MinimumVisualStudioVersion = 15.0.26124.0
Project("{9A19103F-16F7-4668-BE54-9A1E7A4F7556}") = "EmitLogDirect", "EmitLog\EmitLogDirect.csproj", "{7B480553-5586-4508-A19D-C5E468487BC4}"
EndProject
Project("{9A19103F-16F7-4668-BE54-9A1E7A4F7556}") = "ReceiveLogsDirect", "ReceiveLogs\ReceiveLogsDirect.csproj", "{6F7804CE-4C17-4BA2-A125-B78F2BBB2B89}"
EndProject
Global
	GlobalSection(SolutionConfigurationPlatforms) = preSolution
		Debug|Any CPU = Debug|Any CPU
		Release|Any CPU = Release|Any CPU
	EndGlobalSection
	GlobalSection(ProjectConfigurationPlatforms) = postSolution
		{7B480553-5586-4508-A19D-C5E468487BC4}.Debug|Any CPU.ActiveCfg = Debug|Any CPU
		{7B480553-5586-4508-A19D-C5E468487BC4}.Debug|Any CPU.Build.0 = Debug|Any CPU
		{7B480553-5586-4508-A19D-C5E468487BC4}.Release|Any CPU.ActiveCfg = Release|Any CPU
		{7B480553-5586-4508-A19D-C5E468487BC4}.Release|Any CPU.Build.0 = Release|Any CPU
		{6F7804CE-4C17-4BA2-A125-B78F2BBB2B89}.Debug|Any CPU.ActiveCfg = Debug|Any CPU
		{6F7804CE-4C17-4BA2-A125-B78F2BBB2B89}.Debug|Any CPU.Build.0 = Debug|Any CPU
		{6F7804CE-4C17-4BA2-A125-B78F2BBB2B89}.Release|Any CPU.ActiveCfg = Release|Any CPU
		{6F7804CE-4C17-4BA2-A125-B78F2BBB2B89}.Release|Any CPU.Build.0 = Release|Any CPU
	EndGlobalSection
	GlobalSection(SolutionProperties) = preSolution
		HideSolutionNode = FALSE
	EndGlobalSection
	GlobalSection(ExtensibilityGlobals) = postSolution
		SolutionGuid = {8D316A61-4974-4CDC-AC61-F82ECE969FA1}
	EndGlobalSection
EndGlobal
