
Microsoft Visual Studio Solution File, Format Version 12.00
# Visual Studio 15
VisualStudioVersion = 15.0.27130.2020
MinimumVisualStudioVersion = 10.0.40219.1
Project("{9A19103F-16F7-4668-BE54-9A1E7A4F7556}") = "QuickstartIdentityServer", "QuickstartIdentityServer\QuickstartIdentityServer.csproj", "{DA353C82-6BCB-449A-A1A0-980ED770D002}"
	ProjectSection(ProjectDependencies) = postProject
		{EA86F5B3-B46F-4549-BB0A-D655F2E6F933} = {EA86F5B3-B46F-4549-BB0A-D655F2E6F933}
	EndProjectSection
EndProject
Project("{9A19103F-16F7-4668-BE54-9A1E7A4F7556}") = "Api", "Api\Api.csproj", "{EA86F5B3-B46F-4549-BB0A-D655F2E6F933}"
EndProject
Project("{9A19103F-16F7-4668-BE54-9A1E7A4F7556}") = "Client", "Client\Client.csproj", "{19498230-022F-4873-AE43-F27FBE50BBB5}"
	ProjectSection(ProjectDependencies) = postProject
		{DA353C82-6BCB-449A-A1A0-980ED770D002} = {DA353C82-6BCB-449A-A1A0-980ED770D002}
		{EA86F5B3-B46F-4549-BB0A-D655F2E6F933} = {EA86F5B3-B46F-4549-BB0A-D655F2E6F933}
	EndProjectSection
EndProject
Global
	GlobalSection(SolutionConfigurationPlatforms) = preSolution
		Debug|Any CPU = Debug|Any CPU
		Release|Any CPU = Release|Any CPU
	EndGlobalSection
	GlobalSection(ProjectConfigurationPlatforms) = postSolution
		{DA353C82-6BCB-449A-A1A0-980ED770D002}.Debug|Any CPU.ActiveCfg = Debug|Any CPU
		{DA353C82-6BCB-449A-A1A0-980ED770D002}.Debug|Any CPU.Build.0 = Debug|Any CPU
		{DA353C82-6BCB-449A-A1A0-980ED770D002}.Release|Any CPU.ActiveCfg = Release|Any CPU
		{DA353C82-6BCB-449A-A1A0-980ED770D002}.Release|Any CPU.Build.0 = Release|Any CPU
		{EA86F5B3-B46F-4549-BB0A-D655F2E6F933}.Debug|Any CPU.ActiveCfg = Debug|Any CPU
		{EA86F5B3-B46F-4549-BB0A-D655F2E6F933}.Debug|Any CPU.Build.0 = Debug|Any CPU
		{EA86F5B3-B46F-4549-BB0A-D655F2E6F933}.Release|Any CPU.ActiveCfg = Release|Any CPU
		{EA86F5B3-B46F-4549-BB0A-D655F2E6F933}.Release|Any CPU.Build.0 = Release|Any CPU
		{19498230-022F-4873-AE43-F27FBE50BBB5}.Debug|Any CPU.ActiveCfg = Debug|Any CPU
		{19498230-022F-4873-AE43-F27FBE50BBB5}.Debug|Any CPU.Build.0 = Debug|Any CPU
		{19498230-022F-4873-AE43-F27FBE50BBB5}.Release|Any CPU.ActiveCfg = Release|Any CPU
		{19498230-022F-4873-AE43-F27FBE50BBB5}.Release|Any CPU.Build.0 = Release|Any CPU
	EndGlobalSection
	GlobalSection(SolutionProperties) = preSolution
		HideSolutionNode = FALSE
	EndGlobalSection
	GlobalSection(ExtensibilityGlobals) = postSolution
		SolutionGuid = {FEE0CC89-B8F6-441B-9493-A8E38244C340}
	EndGlobalSection
EndGlobal
